
Microsoft Visual Studio Solution File, Format Version 12.00
# Visual Studio 15
VisualStudioVersion = 15.0.28307.168
MinimumVisualStudioVersion = 10.0.40219.1
Project("{2150E333-8FDC-42A3-9474-1A3956D46DE8}") = "01.Frontend", "01.Frontend", "{F97E98CC-0F87-4907-958B-D991CC966A40}"
EndProject
Project("{2150E333-8FDC-42A3-9474-1A3956D46DE8}") = "Customer", "Customer", "{37D8A7CA-F3FE-4296-B74B-4826A3D59AE9}"
EndProject
Project("{FAE04EC0-301F-11D3-BF4B-00C04F79EFBC}") = "AppGateway", "01.Frontend\Customer\AppGateway\AppGateway.csproj", "{9569C2D5-027C-4DB7-918E-50878E6E479F}"
EndProject
Project("{FAE04EC0-301F-11D3-BF4B-00C04F79EFBC}") = "PCWeb", "01.Frontend\Customer\PCWeb\PCWeb.csproj", "{1E570898-3039-4C17-A129-0D6631BCBC8E}"
EndProject
Project("{2150E333-8FDC-42A3-9474-1A3956D46DE8}") = "External", "External", "{2B84F26F-3074-4AFA-96E1-28A296D67226}"
EndProject
Project("{FAE04EC0-301F-11D3-BF4B-00C04F79EFBC}") = "Payment", "01.Frontend\External\Payment\Payment.csproj", "{2B64F224-62AD-4EB2-9408-A45F58662854}"
EndProject
Project("{2150E333-8FDC-42A3-9474-1A3956D46DE8}") = "Manager", "Manager", "{64F95811-191D-4F80-8A6B-6B56FE977A1F}"
EndProject
Project("{FAE04EC0-301F-11D3-BF4B-00C04F79EFBC}") = "Protal", "01.Frontend\Manager\Protal\Protal.csproj", "{276796A6-C893-433A-B041-12B75E9B214D}"
EndProject
Project("{2150E333-8FDC-42A3-9474-1A3956D46DE8}") = "02.CommonModule", "02.CommonModule", "{37CC0E4B-D6D3-4700-BC46-2DBD027893A0}"
EndProject
Project("{FAE04EC0-301F-11D3-BF4B-00C04F79EFBC}") = "TaskSchedule", "02.CommonModule\TaskSchedule\TaskSchedule.csproj", "{98AD1D38-82A8-4520-A424-59C6A1E03F02}"
EndProject
Project("{FAE04EC0-301F-11D3-BF4B-00C04F79EFBC}") = "FileServer", "02.CommonModule\FileServer\FileServer.csproj", "{B7ADAA02-680B-40A3-BECC-DD133D0CCF43}"
EndProject
Project("{2150E333-8FDC-42A3-9474-1A3956D46DE8}") = "03.MicroServices", "03.MicroServices", "{7F197D64-0930-48ED-8739-34FC1F4B03C6}"
EndProject
Project("{2150E333-8FDC-42A3-9474-1A3956D46DE8}") = "Common", "Common", "{8867588D-BB5B-402C-B988-DD6507FD26F4}"
EndProject
Project("{FAE04EC0-301F-11D3-BF4B-00C04F79EFBC}") = "Base.Service", "03.BuniessService\Common\Base.Service\Base.Service.csproj", "{229C1D89-7514-4169-A574-E93E0328C6B7}"
EndProject
Project("{2150E333-8FDC-42A3-9474-1A3956D46DE8}") = "04.Framework", "04.Framework", "{B410F718-71E2-4B8E-9973-BFE9A900D73D}"
EndProject
Project("{FAE04EC0-301F-11D3-BF4B-00C04F79EFBC}") = "RabbitMq", "04.Framework\RabbitMq\RabbitMq.csproj", "{825DA6C5-4A6C-4CAB-9226-18B26C4B3EE4}"
EndProject
Project("{FAE04EC0-301F-11D3-BF4B-00C04F79EFBC}") = "CommomUtils", "04.Framework\CommomUtils\CommomUtils.csproj", "{245E7AEC-6965-4E69-967D-3A00B3393199}"
EndProject
Project("{FAE04EC0-301F-11D3-BF4B-00C04F79EFBC}") = "ApiGateway", "02.CommonModule\ApiGateway\ApiGateway.csproj", "{894303A7-E45E-4009-A5E9-D63A0ADCB2DE}"
EndProject
Global
	GlobalSection(SolutionConfigurationPlatforms) = preSolution
		Debug|Any CPU = Debug|Any CPU
		Release|Any CPU = Release|Any CPU
	EndGlobalSection
	GlobalSection(ProjectConfigurationPlatforms) = postSolution
		{9569C2D5-027C-4DB7-918E-50878E6E479F}.Debug|Any CPU.ActiveCfg = Debug|Any CPU
		{9569C2D5-027C-4DB7-918E-50878E6E479F}.Debug|Any CPU.Build.0 = Debug|Any CPU
		{9569C2D5-027C-4DB7-918E-50878E6E479F}.Release|Any CPU.ActiveCfg = Release|Any CPU
		{9569C2D5-027C-4DB7-918E-50878E6E479F}.Release|Any CPU.Build.0 = Release|Any CPU
		{1E570898-3039-4C17-A129-0D6631BCBC8E}.Debug|Any CPU.ActiveCfg = Debug|Any CPU
		{1E570898-3039-4C17-A129-0D6631BCBC8E}.Debug|Any CPU.Build.0 = Debug|Any CPU
		{1E570898-3039-4C17-A129-0D6631BCBC8E}.Release|Any CPU.ActiveCfg = Release|Any CPU
		{1E570898-3039-4C17-A129-0D6631BCBC8E}.Release|Any CPU.Build.0 = Release|Any CPU
		{2B64F224-62AD-4EB2-9408-A45F58662854}.Debug|Any CPU.ActiveCfg = Debug|Any CPU
		{2B64F224-62AD-4EB2-9408-A45F58662854}.Debug|Any CPU.Build.0 = Debug|Any CPU
		{2B64F224-62AD-4EB2-9408-A45F58662854}.Release|Any CPU.ActiveCfg = Release|Any CPU
		{2B64F224-62AD-4EB2-9408-A45F58662854}.Release|Any CPU.Build.0 = Release|Any CPU
		{276796A6-C893-433A-B041-12B75E9B214D}.Debug|Any CPU.ActiveCfg = Debug|Any CPU
		{276796A6-C893-433A-B041-12B75E9B214D}.Debug|Any CPU.Build.0 = Debug|Any CPU
		{276796A6-C893-433A-B041-12B75E9B214D}.Release|Any CPU.ActiveCfg = Release|Any CPU
		{276796A6-C893-433A-B041-12B75E9B214D}.Release|Any CPU.Build.0 = Release|Any CPU
		{98AD1D38-82A8-4520-A424-59C6A1E03F02}.Debug|Any CPU.ActiveCfg = Debug|Any CPU
		{98AD1D38-82A8-4520-A424-59C6A1E03F02}.Debug|Any CPU.Build.0 = Debug|Any CPU
		{98AD1D38-82A8-4520-A424-59C6A1E03F02}.Release|Any CPU.ActiveCfg = Release|Any CPU
		{98AD1D38-82A8-4520-A424-59C6A1E03F02}.Release|Any CPU.Build.0 = Release|Any CPU
		{B7ADAA02-680B-40A3-BECC-DD133D0CCF43}.Debug|Any CPU.ActiveCfg = Debug|Any CPU
		{B7ADAA02-680B-40A3-BECC-DD133D0CCF43}.Debug|Any CPU.Build.0 = Debug|Any CPU
		{B7ADAA02-680B-40A3-BECC-DD133D0CCF43}.Release|Any CPU.ActiveCfg = Release|Any CPU
		{B7ADAA02-680B-40A3-BECC-DD133D0CCF43}.Release|Any CPU.Build.0 = Release|Any CPU
		{229C1D89-7514-4169-A574-E93E0328C6B7}.Debug|Any CPU.ActiveCfg = Debug|Any CPU
		{229C1D89-7514-4169-A574-E93E0328C6B7}.Debug|Any CPU.Build.0 = Debug|Any CPU
		{229C1D89-7514-4169-A574-E93E0328C6B7}.Release|Any CPU.ActiveCfg = Release|Any CPU
		{229C1D89-7514-4169-A574-E93E0328C6B7}.Release|Any CPU.Build.0 = Release|Any CPU
		{825DA6C5-4A6C-4CAB-9226-18B26C4B3EE4}.Debug|Any CPU.ActiveCfg = Debug|Any CPU
		{825DA6C5-4A6C-4CAB-9226-18B26C4B3EE4}.Debug|Any CPU.Build.0 = Debug|Any CPU
		{825DA6C5-4A6C-4CAB-9226-18B26C4B3EE4}.Release|Any CPU.ActiveCfg = Release|Any CPU
		{825DA6C5-4A6C-4CAB-9226-18B26C4B3EE4}.Release|Any CPU.Build.0 = Release|Any CPU
		{245E7AEC-6965-4E69-967D-3A00B3393199}.Debug|Any CPU.ActiveCfg = Debug|Any CPU
		{245E7AEC-6965-4E69-967D-3A00B3393199}.Debug|Any CPU.Build.0 = Debug|Any CPU
		{245E7AEC-6965-4E69-967D-3A00B3393199}.Release|Any CPU.ActiveCfg = Release|Any CPU
		{245E7AEC-6965-4E69-967D-3A00B3393199}.Release|Any CPU.Build.0 = Release|Any CPU
		{894303A7-E45E-4009-A5E9-D63A0ADCB2DE}.Debug|Any CPU.ActiveCfg = Debug|Any CPU
		{894303A7-E45E-4009-A5E9-D63A0ADCB2DE}.Debug|Any CPU.Build.0 = Debug|Any CPU
		{894303A7-E45E-4009-A5E9-D63A0ADCB2DE}.Release|Any CPU.ActiveCfg = Release|Any CPU
		{894303A7-E45E-4009-A5E9-D63A0ADCB2DE}.Release|Any CPU.Build.0 = Release|Any CPU
	EndGlobalSection
	GlobalSection(SolutionProperties) = preSolution
		HideSolutionNode = FALSE
	EndGlobalSection
	GlobalSection(NestedProjects) = preSolution
		{37D8A7CA-F3FE-4296-B74B-4826A3D59AE9} = {F97E98CC-0F87-4907-958B-D991CC966A40}
		{9569C2D5-027C-4DB7-918E-50878E6E479F} = {37D8A7CA-F3FE-4296-B74B-4826A3D59AE9}
		{1E570898-3039-4C17-A129-0D6631BCBC8E} = {37D8A7CA-F3FE-4296-B74B-4826A3D59AE9}
		{2B84F26F-3074-4AFA-96E1-28A296D67226} = {F97E98CC-0F87-4907-958B-D991CC966A40}
		{2B64F224-62AD-4EB2-9408-A45F58662854} = {2B84F26F-3074-4AFA-96E1-28A296D67226}
		{64F95811-191D-4F80-8A6B-6B56FE977A1F} = {F97E98CC-0F87-4907-958B-D991CC966A40}
		{276796A6-C893-433A-B041-12B75E9B214D} = {64F95811-191D-4F80-8A6B-6B56FE977A1F}
		{98AD1D38-82A8-4520-A424-59C6A1E03F02} = {37CC0E4B-D6D3-4700-BC46-2DBD027893A0}
		{B7ADAA02-680B-40A3-BECC-DD133D0CCF43} = {37CC0E4B-D6D3-4700-BC46-2DBD027893A0}
		{8867588D-BB5B-402C-B988-DD6507FD26F4} = {7F197D64-0930-48ED-8739-34FC1F4B03C6}
		{229C1D89-7514-4169-A574-E93E0328C6B7} = {8867588D-BB5B-402C-B988-DD6507FD26F4}
		{825DA6C5-4A6C-4CAB-9226-18B26C4B3EE4} = {B410F718-71E2-4B8E-9973-BFE9A900D73D}
		{245E7AEC-6965-4E69-967D-3A00B3393199} = {B410F718-71E2-4B8E-9973-BFE9A900D73D}
		{894303A7-E45E-4009-A5E9-D63A0ADCB2DE} = {37CC0E4B-D6D3-4700-BC46-2DBD027893A0}
	EndGlobalSection
	GlobalSection(ExtensibilityGlobals) = postSolution
		SolutionGuid = {DB758E47-6A57-4DEA-9D04-64CAE6994261}
	EndGlobalSection
EndGlobal
